// !$*UTF8*$!
{
	archiveVersion = 1;
	classes = {
	};
	objectVersion = 77;
	objects = {

/* Begin PBXContainerItemProxy section */
		BE3B6C6D2DFF76B900D6C02C /* PBXContainerItemProxy */ = {
			isa = PBXContainerItemProxy;
			containerPortal = BE3B6C572DFF76B800D6C02C /* Project object */;
			proxyType = 1;
			remoteGlobalIDString = BE3B6C5E2DFF76B800D6C02C;
			remoteInfo = "ubber-clone";
		};
		BE3B6C772DFF76B900D6C02C /* PBXContainerItemProxy */ = {
			isa = PBXContainerItemProxy;
			containerPortal = BE3B6C572DFF76B800D6C02C /* Project object */;
			proxyType = 1;
			remoteGlobalIDString = BE3B6C5E2DFF76B800D6C02C;
			remoteInfo = "ubber-clone";
		};
/* End PBXContainerItemProxy section */

/* Begin PBXFileReference section */
		BE3B6C5F2DFF76B800D6C02C /* ubber-clone.app */ = {isa = PBXFileReference; explicitFileType = wrapper.application; includeInIndex = 0; path = "ubber-clone.app"; sourceTree = BUILT_PRODUCTS_DIR; };
		BE3B6C6C2DFF76B900D6C02C /* ubber-cloneTests.xctest */ = {isa = PBXFileReference; explicitFileType = wrapper.cfbundle; includeInIndex = 0; path = "ubber-cloneTests.xctest"; sourceTree = BUILT_PRODUCTS_DIR; };
		BE3B6C762DFF76B900D6C02C /* ubber-cloneUITests.xctest */ = {isa = PBXFileReference; explicitFileType = wrapper.cfbundle; includeInIndex = 0; path = "ubber-cloneUITests.xctest"; sourceTree = BUILT_PRODUCTS_DIR; };
/* End PBXFileReference section */

/* Begin PBXFileSystemSynchronizedRootGroup section */
		BE3B6C612DFF76B800D6C02C /* ubber-clone */ = {
			isa = PBXFileSystemSynchronizedRootGroup;
			path = "ubber-clone";
			sourceTree = "<group>";
		};
		BE3B6C6F2DFF76B900D6C02C /* ubber-cloneTests */ = {
			isa = PBXFileSystemSynchronizedRootGroup;
			path = "ubber-cloneTests";
			sourceTree = "<group>";
		};
		BE3B6C792DFF76B900D6C02C /* ubber-cloneUITests */ = {
			isa = PBXFileSystemSynchronizedRootGroup;
			path = "ubber-cloneUITests";
			sourceTree = "<group>";
		};
/* End PBXFileSystemSynchronizedRootGroup section */

/* Begin PBXFrameworksBuildPhase section */
		BE3B6C5C2DFF76B800D6C02C /* Frameworks */ = {
			isa = PBXFrameworksBuildPhase;
			buildActionMask = 2147483647;
			files = (
			);
			runOnlyForDeploymentPostprocessing = 0;
		};
		BE3B6C692DFF76B900D6C02C /* Frameworks */ = {
			isa = PBXFrameworksBuildPhase;
			buildActionMask = 2147483647;
			files = (
			);
			runOnlyForDeploymentPostprocessing = 0;
		};
		BE3B6C732DFF76B900D6C02C /* Frameworks */ = {
			isa = PBXFrameworksBuildPhase;
			buildActionMask = 2147483647;
			files = (
			);
			runOnlyForDeploymentPostprocessing = 0;
		};
/* End PBXFrameworksBuildPhase section */

/* Begin PBXGroup section */
		BE3B6C562DFF76B800D6C02C = {
			isa = PBXGroup;
			children = (
				BE3B6C612DFF76B800D6C02C /* ubber-clone */,
				BE3B6C6F2DFF76B900D6C02C /* ubber-cloneTests */,
				BE3B6C792DFF76B900D6C02C /* ubber-cloneUITests */,
				BE3B6C602DFF76B800D6C02C /* Products */,
			);
			sourceTree = "<group>";
		};
		BE3B6C602DFF76B800D6C02C /* Products */ = {
			isa = PBXGroup;
			children = (
				BE3B6C5F2DFF76B800D6C02C /* ubber-clone.app */,
				BE3B6C6C2DFF76B900D6C02C /* ubber-cloneTests.xctest */,
				BE3B6C762DFF76B900D6C02C /* ubber-cloneUITests.xctest */,
			);
			name = Products;
			sourceTree = "<group>";
		};
/* End PBXGroup section */

/* Begin PBXNativeTarget section */
		BE3B6C5E2DFF76B800D6C02C /* ubber-clone */ = {
			isa = PBXNativeTarget;
			buildConfigurationList = BE3B6C802DFF76B900D6C02C /* Build configuration list for PBXNativeTarget "ubber-clone" */;
			buildPhases = (
				BE3B6C5B2DFF76B800D6C02C /* Sources */,
				BE3B6C5C2DFF76B800D6C02C /* Frameworks */,
				BE3B6C5D2DFF76B800D6C02C /* Resources */,
			);
			buildRules = (
			);
			dependencies = (
			);
			fileSystemSynchronizedGroups = (
				BE3B6C612DFF76B800D6C02C /* ubber-clone */,
			);
			name = "ubber-clone";
			packageProductDependencies = (
			);
			productName = "ubber-clone";
			productReference = BE3B6C5F2DFF76B800D6C02C /* ubber-clone.app */;
			productType = "com.apple.product-type.application";
		};
		BE3B6C6B2DFF76B900D6C02C /* ubber-cloneTests */ = {
			isa = PBXNativeTarget;
			buildConfigurationList = BE3B6C832DFF76B900D6C02C /* Build configuration list for PBXNativeTarget "ubber-cloneTests" */;
			buildPhases = (
				BE3B6C682DFF76B900D6C02C /* Sources */,
				BE3B6C692DFF76B900D6C02C /* Frameworks */,
				BE3B6C6A2DFF76B900D6C02C /* Resources */,
			);
			buildRules = (
			);
			dependencies = (
				BE3B6C6E2DFF76B900D6C02C /* PBXTargetDependency */,
			);
			fileSystemSynchronizedGroups = (
				BE3B6C6F2DFF76B900D6C02C /* ubber-cloneTests */,
			);
			name = "ubber-cloneTests";
			packageProductDependencies = (
			);
			productName = "ubber-cloneTests";
			productReference = BE3B6C6C2DFF76B900D6C02C /* ubber-cloneTests.xctest */;
			productType = "com.apple.product-type.bundle.unit-test";
		};
		BE3B6C752DFF76B900D6C02C /* ubber-cloneUITests */ = {
			isa = PBXNativeTarget;
			buildConfigurationList = BE3B6C862DFF76B900D6C02C /* Build configuration list for PBXNativeTarget "ubber-cloneUITests" */;
			buildPhases = (
				BE3B6C722DFF76B900D6C02C /* Sources */,
				BE3B6C732DFF76B900D6C02C /* Frameworks */,
				BE3B6C742DFF76B900D6C02C /* Resources */,
			);
			buildRules = (
			);
			dependencies = (
				BE3B6C782DFF76B900D6C02C /* PBXTargetDependency */,
			);
			fileSystemSynchronizedGroups = (
				BE3B6C792DFF76B900D6C02C /* ubber-cloneUITests */,
			);
			name = "ubber-cloneUITests";
			packageProductDependencies = (
			);
			productName = "ubber-cloneUITests";
			productReference = BE3B6C762DFF76B900D6C02C /* ubber-cloneUITests.xctest */;
			productType = "com.apple.product-type.bundle.ui-testing";
		};
/* End PBXNativeTarget section */

/* Begin PBXProject section */
		BE3B6C572DFF76B800D6C02C /* Project object */ = {
			isa = PBXProject;
			attributes = {
				BuildIndependentTargetsInParallel = 1;
				LastSwiftUpdateCheck = 1640;
				LastUpgradeCheck = 1640;
				TargetAttributes = {
					BE3B6C5E2DFF76B800D6C02C = {
						CreatedOnToolsVersion = 16.4;
					};
					BE3B6C6B2DFF76B900D6C02C = {
						CreatedOnToolsVersion = 16.4;
						TestTargetID = BE3B6C5E2DFF76B800D6C02C;
					};
					BE3B6C752DFF76B900D6C02C = {
						CreatedOnToolsVersion = 16.4;
						TestTargetID = BE3B6C5E2DFF76B800D6C02C;
					};
				};
			};
			buildConfigurationList = BE3B6C5A2DFF76B800D6C02C /* Build configuration list for PBXProject "ubber-clone" */;
			developmentRegion = en;
			hasScannedForEncodings = 0;
			knownRegions = (
				en,
				Base,
			);
			mainGroup = BE3B6C562DFF76B800D6C02C;
			minimizedProjectReferenceProxies = 1;
			preferredProjectObjectVersion = 77;
			productRefGroup = BE3B6C602DFF76B800D6C02C /* Products */;
			projectDirPath = "";
			projectRoot = "";
			targets = (
				BE3B6C5E2DFF76B800D6C02C /* ubber-clone */,
				BE3B6C6B2DFF76B900D6C02C /* ubber-cloneTests */,
				BE3B6C752DFF76B900D6C02C /* ubber-cloneUITests */,
			);
		};
/* End PBXProject section */

/* Begin PBXResourcesBuildPhase section */
		BE3B6C5D2DFF76B800D6C02C /* Resources */ = {
			isa = PBXResourcesBuildPhase;
			buildActionMask = 2147483647;
			files = (
			);
			runOnlyForDeploymentPostprocessing = 0;
		};
		BE3B6C6A2DFF76B900D6C02C /* Resources */ = {
			isa = PBXResourcesBuildPhase;
			buildActionMask = 2147483647;
			files = (
			);
			runOnlyForDeploymentPostprocessing = 0;
		};
		BE3B6C742DFF76B900D6C02C /* Resources */ = {
			isa = PBXResourcesBuildPhase;
			buildActionMask = 2147483647;
			files = (
			);
			runOnlyForDeploymentPostprocessing = 0;
		};
/* End PBXResourcesBuildPhase section */

/* Begin PBXSourcesBuildPhase section */
		BE3B6C5B2DFF76B800D6C02C /* Sources */ = {
			isa = PBXSourcesBuildPhase;
			buildActionMask = 2147483647;
			files = (
			);
			runOnlyForDeploymentPostprocessing = 0;
		};
		BE3B6C682DFF76B900D6C02C /* Sources */ = {
			isa = PBXSourcesBuildPhase;
			buildActionMask = 2147483647;
			files = (
			);
			runOnlyForDeploymentPostprocessing = 0;
		};
		BE3B6C722DFF76B900D6C02C /* Sources */ = {
			isa = PBXSourcesBuildPhase;
			buildActionMask = 2147483647;
			files = (
			);
			runOnlyForDeploymentPostprocessing = 0;
		};
/* End PBXSourcesBuildPhase section */

/* Begin PBXTargetDependency section */
		BE3B6C6E2DFF76B900D6C02C /* PBXTargetDependency */ = {
			isa = PBXTargetDependency;
			target = BE3B6C5E2DFF76B800D6C02C /* ubber-clone */;
			targetProxy = BE3B6C6D2DFF76B900D6C02C /* PBXContainerItemProxy */;
		};
		BE3B6C782DFF76B900D6C02C /* PBXTargetDependency */ = {
			isa = PBXTargetDependency;
			target = BE3B6C5E2DFF76B800D6C02C /* ubber-clone */;
			targetProxy = BE3B6C772DFF76B900D6C02C /* PBXContainerItemProxy */;
		};
/* End PBXTargetDependency section */

/* Begin XCBuildConfiguration section */
		BE3B6C7E2DFF76B900D6C02C /* Debug */ = {
			isa = XCBuildConfiguration;
			buildSettings = {
				ALWAYS_SEARCH_USER_PATHS = NO;
				ASSETCATALOG_COMPILER_GENERATE_SWIFT_ASSET_SYMBOL_EXTENSIONS = YES;
				CLANG_ANALYZER_NONNULL = YES;
				CLANG_ANALYZER_NUMBER_OBJECT_CONVERSION = YES_AGGRESSIVE;
				CLANG_CXX_LANGUAGE_STANDARD = "gnu++20";
				CLANG_ENABLE_MODULES = YES;
				CLANG_ENABLE_OBJC_ARC = YES;
				CLANG_ENABLE_OBJC_WEAK = YES;
				CLANG_WARN_BLOCK_CAPTURE_AUTORELEASING = YES;
				CLANG_WARN_BOOL_CONVERSION = YES;
				CLANG_WARN_COMMA = YES;
				CLANG_WARN_CONSTANT_CONVERSION = YES;
				CLANG_WARN_DEPRECATED_OBJC_IMPLEMENTATIONS = YES;
				CLANG_WARN_DIRECT_OBJC_ISA_USAGE = YES_ERROR;
				CLANG_WARN_DOCUMENTATION_COMMENTS = YES;
				CLANG_WARN_EMPTY_BODY = YES;
				CLANG_WARN_ENUM_CONVERSION = YES;
				CLANG_WARN_INFINITE_RECURSION = YES;
				CLANG_WARN_INT_CONVERSION = YES;
				CLANG_WARN_NON_LITERAL_NULL_CONVERSION = YES;
				CLANG_WARN_OBJC_IMPLICIT_RETAIN_SELF = YES;
				CLANG_WARN_OBJC_LITERAL_CONVERSION = YES;
				CLANG_WARN_OBJC_ROOT_CLASS = YES_ERROR;
				CLANG_WARN_QUOTED_INCLUDE_IN_FRAMEWORK_HEADER = YES;
				CLANG_WARN_RANGE_LOOP_ANALYSIS = YES;
				CLANG_WARN_STRICT_PROTOTYPES = YES;
				CLANG_WARN_SUSPICIOUS_MOVE = YES;
				CLANG_WARN_UNGUARDED_AVAILABILITY = YES_AGGRESSIVE;
				CLANG_WARN_UNREACHABLE_CODE = YES;
				CLANG_WARN__DUPLICATE_METHOD_MATCH = YES;
				COPY_PHASE_STRIP = NO;
				DEBUG_INFORMATION_FORMAT = dwarf;
				DEVELOPMENT_TEAM = GL2LT95DLU;
				ENABLE_STRICT_OBJC_MSGSEND = YES;
				ENABLE_TESTABILITY = YES;
				ENABLE_USER_SCRIPT_SANDBOXING = YES;
				GCC_C_LANGUAGE_STANDARD = gnu17;
				GCC_DYNAMIC_NO_PIC = NO;
				GCC_NO_COMMON_BLOCKS = YES;
				GCC_OPTIMIZATION_LEVEL = 0;
				GCC_PREPROCESSOR_DEFINITIONS = (
					"DEBUG=1",
					"$(inherited)",
				);
				GCC_WARN_64_TO_32_BIT_CONVERSION = YES;
				GCC_WARN_ABOUT_RETURN_TYPE = YES_ERROR;
				GCC_WARN_UNDECLARED_SELECTOR = YES;
				GCC_WARN_UNINITIALIZED_AUTOS = YES_AGGRESSIVE;
				GCC_WARN_UNUSED_FUNCTION = YES;
				GCC_WARN_UNUSED_VARIABLE = YES;
				IPHONEOS_DEPLOYMENT_TARGET = 18.5;
				LOCALIZATION_PREFERS_STRING_CATALOGS = YES;
				MTL_ENABLE_DEBUG_INFO = INCLUDE_SOURCE;
				MTL_FAST_MATH = YES;
				ONLY_ACTIVE_ARCH = YES;
				SDKROOT = iphoneos;
				SWIFT_ACTIVE_COMPILATION_CONDITIONS = "DEBUG $(inherited)";
				SWIFT_OPTIMIZATION_LEVEL = "-Onone";
			};
			name = Debug;
		};
		BE3B6C7F2DFF76B900D6C02C /* Release */ = {
			isa = XCBuildConfiguration;
			buildSettings = {
				ALWAYS_SEARCH_USER_PATHS = NO;
				ASSETCATALOG_COMPILER_GENERATE_SWIFT_ASSET_SYMBOL_EXTENSIONS = YES;
				CLANG_ANALYZER_NONNULL = YES;
				CLANG_ANALYZER_NUMBER_OBJECT_CONVERSION = YES_AGGRESSIVE;
				CLANG_CXX_LANGUAGE_STANDARD = "gnu++20";
				CLANG_ENABLE_MODULES = YES;
				CLANG_ENABLE_OBJC_ARC = YES;
				CLANG_ENABLE_OBJC_WEAK = YES;
				CLANG_WARN_BLOCK_CAPTURE_AUTORELEASING = YES;
				CLANG_WARN_BOOL_CONVERSION = YES;
				CLANG_WARN_COMMA = YES;
				CLANG_WARN_CONSTANT_CONVERSION = YES;
				CLANG_WARN_DEPRECATED_OBJC_IMPLEMENTATIONS = YES;
				CLANG_WARN_DIRECT_OBJC_ISA_USAGE = YES_ERROR;
				CLANG_WARN_DOCUMENTATION_COMMENTS = YES;
				CLANG_WARN_EMPTY_BODY = YES;
				CLANG_WARN_ENUM_CONVERSION = YES;
				CLANG_WARN_INFINITE_RECURSION = YES;
				CLANG_WARN_INT_CONVERSION = YES;
				CLANG_WARN_NON_LITERAL_NULL_CONVERSION = YES;
				CLANG_WARN_OBJC_IMPLICIT_RETAIN_SELF = YES;
				CLANG_WARN_OBJC_LITERAL_CONVERSION = YES;
				CLANG_WARN_OBJC_ROOT_CLASS = YES_ERROR;
				CLANG_WARN_QUOTED_INCLUDE_IN_FRAMEWORK_HEADER = YES;
				CLANG_WARN_RANGE_LOOP_ANALYSIS = YES;
				CLANG_WARN_STRICT_PROTOTYPES = YES;
				CLANG_WARN_SUSPICIOUS_MOVE = YES;
				CLANG_WARN_UNGUARDED_AVAILABILITY = YES_AGGRESSIVE;
				CLANG_WARN_UNREACHABLE_CODE = YES;
				CLANG_WARN__DUPLICATE_METHOD_MATCH = YES;
				COPY_PHASE_STRIP = NO;
				DEBUG_INFORMATION_FORMAT = "dwarf-with-dsym";
				DEVELOPMENT_TEAM = GL2LT95DLU;
				ENABLE_NS_ASSERTIONS = NO;
				ENABLE_STRICT_OBJC_MSGSEND = YES;
				ENABLE_USER_SCRIPT_SANDBOXING = YES;
				GCC_C_LANGUAGE_STANDARD = gnu17;
				GCC_NO_COMMON_BLOCKS = YES;
				GCC_WARN_64_TO_32_BIT_CONVERSION = YES;
				GCC_WARN_ABOUT_RETURN_TYPE = YES_ERROR;
				GCC_WARN_UNDECLARED_SELECTOR = YES;
				GCC_WARN_UNINITIALIZED_AUTOS = YES_AGGRESSIVE;
				GCC_WARN_UNUSED_FUNCTION = YES;
				GCC_WARN_UNUSED_VARIABLE = YES;
				IPHONEOS_DEPLOYMENT_TARGET = 18.5;
				LOCALIZATION_PREFERS_STRING_CATALOGS = YES;
				MTL_ENABLE_DEBUG_INFO = NO;
				MTL_FAST_MATH = YES;
				SDKROOT = iphoneos;
				SWIFT_COMPILATION_MODE = wholemodule;
				VALIDATE_PRODUCT = YES;
			};
			name = Release;
		};
		BE3B6C812DFF76B900D6C02C /* Debug */ = {
			isa = XCBuildConfiguration;
			buildSettings = {
				ASSETCATALOG_COMPILER_APPICON_NAME = AppIcon;
				ASSETCATALOG_COMPILER_GLOBAL_ACCENT_COLOR_NAME = AccentColor;
				CODE_SIGN_STYLE = Automatic;
				CURRENT_PROJECT_VERSION = 1;
				DEVELOPMENT_TEAM = GL2LT95DLU;
				ENABLE_PREVIEWS = YES;
				GENERATE_INFOPLIST_FILE = YES;
				INFOPLIST_KEY_UIApplicationSceneManifest_Generation = YES;
				INFOPLIST_KEY_UIApplicationSupportsIndirectInputEvents = YES;
				INFOPLIST_KEY_UILaunchScreen_Generation = YES;
				INFOPLIST_KEY_UISupportedInterfaceOrientations_iPad = "UIInterfaceOrientationPortrait UIInterfaceOrientationPortraitUpsideDown UIInterfaceOrientationLandscapeLeft UIInterfaceOrientationLandscapeRight";
				INFOPLIST_KEY_UISupportedInterfaceOrientations_iPhone = "UIInterfaceOrientationPortrait UIInterfaceOrientationLandscapeLeft UIInterfaceOrientationLandscapeRight";
				LD_RUNPATH_SEARCH_PATHS = (
					"$(inherited)",
					"@executable_path/Frameworks",
				);
				MARKETING_VERSION = 1.0;
				PRODUCT_BUNDLE_IDENTIFIER = "hmoa.ubber-clone";
				PRODUCT_NAME = "$(TARGET_NAME)";
				SWIFT_EMIT_LOC_STRINGS = YES;
				SWIFT_VERSION = 5.0;
				TARGETED_DEVICE_FAMILY = "1,2";
			};
			name = Debug;
		};
		BE3B6C822DFF76B900D6C02C /* Release */ = {
			isa = XCBuildConfiguration;
			buildSettings = {
				ASSETCATALOG_COMPILER_APPICON_NAME = AppIcon;
				ASSETCATALOG_COMPILER_GLOBAL_ACCENT_COLOR_NAME = AccentColor;
				CODE_SIGN_STYLE = Automatic;
				CURRENT_PROJECT_VERSION = 1;
				DEVELOPMENT_TEAM = GL2LT95DLU;
				ENABLE_PREVIEWS = YES;
				GENERATE_INFOPLIST_FILE = YES;
				INFOPLIST_KEY_UIApplicationSceneManifest_Generation = YES;
				INFOPLIST_KEY_UIApplicationSupportsIndirectInputEvents = YES;
				INFOPLIST_KEY_UILaunchScreen_Generation = YES;
				INFOPLIST_KEY_UISupportedInterfaceOrientations_iPad = "UIInterfaceOrientationPortrait UIInterfaceOrientationPortraitUpsideDown UIInterfaceOrientationLandscapeLeft UIInterfaceOrientationLandscapeRight";
				INFOPLIST_KEY_UISupportedInterfaceOrientations_iPhone = "UIInterfaceOrientationPortrait UIInterfaceOrientationLandscapeLeft UIInterfaceOrientationLandscapeRight";
				LD_RUNPATH_SEARCH_PATHS = (
					"$(inherited)",
					"@executable_path/Frameworks",
				);
				MARKETING_VERSION = 1.0;
				PRODUCT_BUNDLE_IDENTIFIER = "hmoa.ubber-clone";
				PRODUCT_NAME = "$(TARGET_NAME)";
				SWIFT_EMIT_LOC_STRINGS = YES;
				SWIFT_VERSION = 5.0;
				TARGETED_DEVICE_FAMILY = "1,2";
			};
			name = Release;
		};
		BE3B6C842DFF76B900D6C02C /* Debug */ = {
			isa = XCBuildConfiguration;
			buildSettings = {
				BUNDLE_LOADER = "$(TEST_HOST)";
				CODE_SIGN_STYLE = Automatic;
				CURRENT_PROJECT_VERSION = 1;
				DEVELOPMENT_TEAM = GL2LT95DLU;
				GENERATE_INFOPLIST_FILE = YES;
				IPHONEOS_DEPLOYMENT_TARGET = 18.5;
				MARKETING_VERSION = 1.0;
				PRODUCT_BUNDLE_IDENTIFIER = "hmoa.ubber-cloneTests";
				PRODUCT_NAME = "$(TARGET_NAME)";
				SWIFT_EMIT_LOC_STRINGS = NO;
				SWIFT_VERSION = 5.0;
				TARGETED_DEVICE_FAMILY = "1,2";
				TEST_HOST = "$(BUILT_PRODUCTS_DIR)/ubber-clone.app/$(BUNDLE_EXECUTABLE_FOLDER_PATH)/ubber-clone";
			};
			name = Debug;
		};
		BE3B6C852DFF76B900D6C02C /* Release */ = {
			isa = XCBuildConfiguration;
			buildSettings = {
				BUNDLE_LOADER = "$(TEST_HOST)";
				CODE_SIGN_STYLE = Automatic;
				CURRENT_PROJECT_VERSION = 1;
				DEVELOPMENT_TEAM = GL2LT95DLU;
				GENERATE_INFOPLIST_FILE = YES;
				IPHONEOS_DEPLOYMENT_TARGET = 18.5;
				MARKETING_VERSION = 1.0;
				PRODUCT_BUNDLE_IDENTIFIER = "hmoa.ubber-cloneTests";
				PRODUCT_NAME = "$(TARGET_NAME)";
				SWIFT_EMIT_LOC_STRINGS = NO;
				SWIFT_VERSION = 5.0;
				TARGETED_DEVICE_FAMILY = "1,2";
				TEST_HOST = "$(BUILT_PRODUCTS_DIR)/ubber-clone.app/$(BUNDLE_EXECUTABLE_FOLDER_PATH)/ubber-clone";
			};
			name = Release;
		};
		BE3B6C872DFF76B900D6C02C /* Debug */ = {
			isa = XCBuildConfiguration;
			buildSettings = {
				CODE_SIGN_STYLE = Automatic;
				CURRENT_PROJECT_VERSION = 1;
				DEVELOPMENT_TEAM = GL2LT95DLU;
				GENERATE_INFOPLIST_FILE = YES;
				MARKETING_VERSION = 1.0;
				PRODUCT_BUNDLE_IDENTIFIER = "hmoa.ubber-cloneUITests";
				PRODUCT_NAME = "$(TARGET_NAME)";
				SWIFT_EMIT_LOC_STRINGS = NO;
				SWIFT_VERSION = 5.0;
				TARGETED_DEVICE_FAMILY = "1,2";
				TEST_TARGET_NAME = "ubber-clone";
			};
			name = Debug;
		};
		BE3B6C882DFF76B900D6C02C /* Release */ = {
			isa = XCBuildConfiguration;
			buildSettings = {
				CODE_SIGN_STYLE = Automatic;
				CURRENT_PROJECT_VERSION = 1;
				DEVELOPMENT_TEAM = GL2LT95DLU;
				GENERATE_INFOPLIST_FILE = YES;
				MARKETING_VERSION = 1.0;
				PRODUCT_BUNDLE_IDENTIFIER = "hmoa.ubber-cloneUITests";
				PRODUCT_NAME = "$(TARGET_NAME)";
				SWIFT_EMIT_LOC_STRINGS = NO;
				SWIFT_VERSION = 5.0;
				TARGETED_DEVICE_FAMILY = "1,2";
				TEST_TARGET_NAME = "ubber-clone";
			};
			name = Release;
		};
/* End XCBuildConfiguration section */

/* Begin XCConfigurationList section */
		BE3B6C5A2DFF76B800D6C02C /* Build configuration list for PBXProject "ubber-clone" */ = {
			isa = XCConfigurationList;
			buildConfigurations = (
				BE3B6C7E2DFF76B900D6C02C /* Debug */,
				BE3B6C7F2DFF76B900D6C02C /* Release */,
			);
			defaultConfigurationIsVisible = 0;
			defaultConfigurationName = Release;
		};
		BE3B6C802DFF76B900D6C02C /* Build configuration list for PBXNativeTarget "ubber-clone" */ = {
			isa = XCConfigurationList;
			buildConfigurations = (
				BE3B6C812DFF76B900D6C02C /* Debug */,
				BE3B6C822DFF76B900D6C02C /* Release */,
			);
			defaultConfigurationIsVisible = 0;
			defaultConfigurationName = Release;
		};
		BE3B6C832DFF76B900D6C02C /* Build configuration list for PBXNativeTarget "ubber-cloneTests" */ = {
			isa = XCConfigurationList;
			buildConfigurations = (
				BE3B6C842DFF76B900D6C02C /* Debug */,
				BE3B6C852DFF76B900D6C02C /* Release */,
			);
			defaultConfigurationIsVisible = 0;
			defaultConfigurationName = Release;
		};
		BE3B6C862DFF76B900D6C02C /* Build configuration list for PBXNativeTarget "ubber-cloneUITests" */ = {
			isa = XCConfigurationList;
			buildConfigurations = (
				BE3B6C872DFF76B900D6C02C /* Debug */,
				BE3B6C882DFF76B900D6C02C /* Release */,
			);
			defaultConfigurationIsVisible = 0;
			defaultConfigurationName = Release;
		};
/* End XCConfigurationList section */
	};
	rootObject = BE3B6C572DFF76B800D6C02C /* Project object */;
}
